
Microsoft Visual Studio Solution File, Format Version 12.00
# Visual Studio Version 17
VisualStudioVersion = 17.9.34723.18
MinimumVisualStudioVersion = 10.0.40219.1
Project("{8BC9CEB8-8B4A-11D0-8D11-00A0C91BC942}") = "Plaindrom", "Plaindrom.vcxproj", "{123449DC-C14C-4003-B046-36FAF0D909A4}"
EndProject
Global
	GlobalSection(SolutionConfigurationPlatforms) = preSolution
		Debug|x64 = Debug|x64
		Debug|x86 = Debug|x86
		Release|x64 = Release|x64
		Release|x86 = Release|x86
	EndGlobalSection
	GlobalSection(ProjectConfigurationPlatforms) = postSolution
		{123449DC-C14C-4003-B046-36FAF0D909A4}.Debug|x64.ActiveCfg = Debug|x64
		{123449DC-C14C-4003-B046-36FAF0D909A4}.Debug|x64.Build.0 = Debug|x64
		{123449DC-C14C-4003-B046-36FAF0D909A4}.Debug|x86.ActiveCfg = Debug|Win32
		{123449DC-C14C-4003-B046-36FAF0D909A4}.Debug|x86.Build.0 = Debug|Win32
		{123449DC-C14C-4003-B046-36FAF0D909A4}.Release|x64.ActiveCfg = Release|x64
		{123449DC-C14C-4003-B046-36FAF0D909A4}.Release|x64.Build.0 = Release|x64
		{123449DC-C14C-4003-B046-36FAF0D909A4}.Release|x86.ActiveCfg = Release|Win32
		{123449DC-C14C-4003-B046-36FAF0D909A4}.Release|x86.Build.0 = Release|Win32
	EndGlobalSection
	GlobalSection(SolutionProperties) = preSolution
		HideSolutionNode = FALSE
	EndGlobalSection
	GlobalSection(ExtensibilityGlobals) = postSolution
		SolutionGuid = {28C37952-6F5A-4864-84B9-69D5ACDE0572}
	EndGlobalSection
EndGlobal
